
Microsoft Visual Studio Solution File, Format Version 12.00
# Visual Studio Version 17
VisualStudioVersion = 17.6.33723.286
MinimumVisualStudioVersion = 10.0.40219.1
Project("{FAE04EC0-301F-11D3-BF4B-00C04F79EFBC}") = "RevitNetStandardTesting", "RevitNetStandardTesting\RevitNetStandardTesting.csproj", "{0571C33D-37CE-4A3C-9F6F-D033B07E58C5}"
EndProject
Global
	GlobalSection(SolutionConfigurationPlatforms) = preSolution
		Debug|Any CPU = Debug|Any CPU
		Release|Any CPU = Release|Any CPU
	EndGlobalSection
	GlobalSection(ProjectConfigurationPlatforms) = postSolution
		{0571C33D-37CE-4A3C-9F6F-D033B07E58C5}.Debug|Any CPU.ActiveCfg = Debug|Any CPU
		{0571C33D-37CE-4A3C-9F6F-D033B07E58C5}.Debug|Any CPU.Build.0 = Debug|Any CPU
		{0571C33D-37CE-4A3C-9F6F-D033B07E58C5}.Release|Any CPU.ActiveCfg = Release|Any CPU
		{0571C33D-37CE-4A3C-9F6F-D033B07E58C5}.Release|Any CPU.Build.0 = Release|Any CPU
	EndGlobalSection
	GlobalSection(SolutionProperties) = preSolution
		HideSolutionNode = FALSE
	EndGlobalSection
	GlobalSection(ExtensibilityGlobals) = postSolution
		SolutionGuid = {E7A00EAA-1F67-41FC-9AFA-D50200F65AAE}
	EndGlobalSection
EndGlobal
